// !$*UTF8*$!
{
	archiveVersion = 1;
	classes = {
	};
	objectVersion = 48;
	objects = {

/* Begin PBXBuildFile section */
		6215BEC91FDEBD12004D4611 /* UITextField.swift in Sources */ = {isa = PBXBuildFile; fileRef = 6215BEC81FDEBD12004D4611 /* UITextField.swift */; };
		6215BECB1FDEBD3E004D4611 /* PickerView.swift in Sources */ = {isa = PBXBuildFile; fileRef = 6215BECA1FDEBD3E004D4611 /* PickerView.swift */; };
		6217406F1FDCEF5700AD9060 /* AlertView.swift in Sources */ = {isa = PBXBuildFile; fileRef = 6217406E1FDCEF5700AD9060 /* AlertView.swift */; };
		621740711FDCF4B500AD9060 /* MovieDetailsViewController.swift in Sources */ = {isa = PBXBuildFile; fileRef = 621740701FDCF4B500AD9060 /* MovieDetailsViewController.swift */; };
		62193E931FDAD1C400C5CFCA /* GCD.swift in Sources */ = {isa = PBXBuildFile; fileRef = 62193E921FDAD1C400C5CFCA /* GCD.swift */; };
		62193E951FDAD22100C5CFCA /* TMDBClient.swift in Sources */ = {isa = PBXBuildFile; fileRef = 62193E941FDAD22100C5CFCA /* TMDBClient.swift */; };
		62193E971FDAD26600C5CFCA /* TMDBConstants.swift in Sources */ = {isa = PBXBuildFile; fileRef = 62193E961FDAD26600C5CFCA /* TMDBConstants.swift */; };
		62193E9A1FDADA3C00C5CFCA /* RoundedButton.swift in Sources */ = {isa = PBXBuildFile; fileRef = 62193E991FDADA3C00C5CFCA /* RoundedButton.swift */; };
		621F6D3D1FD97006008C47CF /* AppDelegate.swift in Sources */ = {isa = PBXBuildFile; fileRef = 621F6D3C1FD97006008C47CF /* AppDelegate.swift */; };
		621F6D3F1FD97006008C47CF /* MovieSearchViewController.swift in Sources */ = {isa = PBXBuildFile; fileRef = 621F6D3E1FD97006008C47CF /* MovieSearchViewController.swift */; };
		621F6D421FD97006008C47CF /* Main.storyboard in Resources */ = {isa = PBXBuildFile; fileRef = 621F6D401FD97006008C47CF /* Main.storyboard */; };
		621F6D441FD97006008C47CF /* Assets.xcassets in Resources */ = {isa = PBXBuildFile; fileRef = 621F6D431FD97006008C47CF /* Assets.xcassets */; };
		621F6D471FD97006008C47CF /* LaunchScreen.storyboard in Resources */ = {isa = PBXBuildFile; fileRef = 621F6D451FD97006008C47CF /* LaunchScreen.storyboard */; };
		6254912C1FDC28DF005E744F /* TMDBConvenience.swift in Sources */ = {isa = PBXBuildFile; fileRef = 6254912B1FDC28DF005E744F /* TMDBConvenience.swift */; };
		6254912E1FDC2D62005E744F /* TMDBMovie.swift in Sources */ = {isa = PBXBuildFile; fileRef = 6254912D1FDC2D62005E744F /* TMDBMovie.swift */; };
		62E18BAF1FDD5FA400334631 /* CoreDataStack.swift in Sources */ = {isa = PBXBuildFile; fileRef = 62E18BAE1FDD5FA400334631 /* CoreDataStack.swift */; };
		62E18BB21FDD60B200334631 /* Model.xcdatamodeld in Sources */ = {isa = PBXBuildFile; fileRef = 62E18BB01FDD60B200334631 /* Model.xcdatamodeld */; };
		62E18BB91FDD622100334631 /* Movie+CoreDataClass.swift in Sources */ = {isa = PBXBuildFile; fileRef = 62E18BB71FDD622100334631 /* Movie+CoreDataClass.swift */; };
		62E18BBA1FDD622100334631 /* Movie+CoreDataProperties.swift in Sources */ = {isa = PBXBuildFile; fileRef = 62E18BB81FDD622100334631 /* Movie+CoreDataProperties.swift */; };
		62E18BC01FDD664400334631 /* MovieTableViewController.swift in Sources */ = {isa = PBXBuildFile; fileRef = 62E18BBF1FDD664400334631 /* MovieTableViewController.swift */; };
/* End PBXBuildFile section */

/* Begin PBXFileReference section */
		6215BEC81FDEBD12004D4611 /* UITextField.swift */ = {isa = PBXFileReference; lastKnownFileType = sourcecode.swift; path = UITextField.swift; sourceTree = "<group>"; };
		6215BECA1FDEBD3E004D4611 /* PickerView.swift */ = {isa = PBXFileReference; lastKnownFileType = sourcecode.swift; path = PickerView.swift; sourceTree = "<group>"; };
		6217406E1FDCEF5700AD9060 /* AlertView.swift */ = {isa = PBXFileReference; lastKnownFileType = sourcecode.swift; path = AlertView.swift; sourceTree = "<group>"; };
		621740701FDCF4B500AD9060 /* MovieDetailsViewController.swift */ = {isa = PBXFileReference; lastKnownFileType = sourcecode.swift; path = MovieDetailsViewController.swift; sourceTree = "<group>"; };
		62193E921FDAD1C400C5CFCA /* GCD.swift */ = {isa = PBXFileReference; lastKnownFileType = sourcecode.swift; path = GCD.swift; sourceTree = "<group>"; };
		62193E941FDAD22100C5CFCA /* TMDBClient.swift */ = {isa = PBXFileReference; lastKnownFileType = sourcecode.swift; path = TMDBClient.swift; sourceTree = "<group>"; };
		62193E961FDAD26600C5CFCA /* TMDBConstants.swift */ = {isa = PBXFileReference; lastKnownFileType = sourcecode.swift; path = TMDBConstants.swift; sourceTree = "<group>"; };
		62193E991FDADA3C00C5CFCA /* RoundedButton.swift */ = {isa = PBXFileReference; lastKnownFileType = sourcecode.swift; path = RoundedButton.swift; sourceTree = "<group>"; };
		621F6D391FD97006008C47CF /* MovieDiscoverer.app */ = {isa = PBXFileReference; explicitFileType = wrapper.application; includeInIndex = 0; path = MovieDiscoverer.app; sourceTree = BUILT_PRODUCTS_DIR; };
		621F6D3C1FD97006008C47CF /* AppDelegate.swift */ = {isa = PBXFileReference; lastKnownFileType = sourcecode.swift; path = AppDelegate.swift; sourceTree = "<group>"; };
		621F6D3E1FD97006008C47CF /* MovieSearchViewController.swift */ = {isa = PBXFileReference; lastKnownFileType = sourcecode.swift; path = MovieSearchViewController.swift; sourceTree = "<group>"; };
		621F6D411FD97006008C47CF /* Base */ = {isa = PBXFileReference; lastKnownFileType = file.storyboard; name = Base; path = Base.lproj/Main.storyboard; sourceTree = "<group>"; };
		621F6D431FD97006008C47CF /* Assets.xcassets */ = {isa = PBXFileReference; lastKnownFileType = folder.assetcatalog; path = Assets.xcassets; sourceTree = "<group>"; };
		621F6D461FD97006008C47CF /* Base */ = {isa = PBXFileReference; lastKnownFileType = file.storyboard; name = Base; path = Base.lproj/LaunchScreen.storyboard; sourceTree = "<group>"; };
		621F6D481FD97006008C47CF /* Info.plist */ = {isa = PBXFileReference; lastKnownFileType = text.plist.xml; path = Info.plist; sourceTree = "<group>"; };
		6254912B1FDC28DF005E744F /* TMDBConvenience.swift */ = {isa = PBXFileReference; lastKnownFileType = sourcecode.swift; path = TMDBConvenience.swift; sourceTree = "<group>"; };
		6254912D1FDC2D62005E744F /* TMDBMovie.swift */ = {isa = PBXFileReference; lastKnownFileType = sourcecode.swift; path = TMDBMovie.swift; sourceTree = "<group>"; };
		62E18BAE1FDD5FA400334631 /* CoreDataStack.swift */ = {isa = PBXFileReference; lastKnownFileType = sourcecode.swift; path = CoreDataStack.swift; sourceTree = "<group>"; };
		62E18BB11FDD60B200334631 /* Model.xcdatamodel */ = {isa = PBXFileReference; lastKnownFileType = wrapper.xcdatamodel; path = Model.xcdatamodel; sourceTree = "<group>"; };
		62E18BB71FDD622100334631 /* Movie+CoreDataClass.swift */ = {isa = PBXFileReference; lastKnownFileType = sourcecode.swift; path = "Movie+CoreDataClass.swift"; sourceTree = "<group>"; };
		62E18BB81FDD622100334631 /* Movie+CoreDataProperties.swift */ = {isa = PBXFileReference; lastKnownFileType = sourcecode.swift; path = "Movie+CoreDataProperties.swift"; sourceTree = "<group>"; };
		62E18BBF1FDD664400334631 /* MovieTableViewController.swift */ = {isa = PBXFileReference; lastKnownFileType = sourcecode.swift; path = MovieTableViewController.swift; sourceTree = "<group>"; };
/* End PBXFileReference section */

/* Begin PBXFrameworksBuildPhase section */
		621F6D361FD97006008C47CF /* Frameworks */ = {
			isa = PBXFrameworksBuildPhase;
			buildActionMask = 2147483647;
			files = (
			);
			runOnlyForDeploymentPostprocessing = 0;
		};
/* End PBXFrameworksBuildPhase section */

/* Begin PBXGroup section */
		62193E911FDAD16300C5CFCA /* Client */ = {
			isa = PBXGroup;
			children = (
				62193E941FDAD22100C5CFCA /* TMDBClient.swift */,
				62193E961FDAD26600C5CFCA /* TMDBConstants.swift */,
				6254912B1FDC28DF005E744F /* TMDBConvenience.swift */,
				6254912D1FDC2D62005E744F /* TMDBMovie.swift */,
			);
			path = Client;
			sourceTree = "<group>";
		};
		62193E981FDADA1000C5CFCA /* View */ = {
			isa = PBXGroup;
			children = (
				62193E991FDADA3C00C5CFCA /* RoundedButton.swift */,
				6217406E1FDCEF5700AD9060 /* AlertView.swift */,
				6215BEC81FDEBD12004D4611 /* UITextField.swift */,
				6215BECA1FDEBD3E004D4611 /* PickerView.swift */,
			);
			path = View;
			sourceTree = "<group>";
		};
		621F6D301FD97006008C47CF = {
			isa = PBXGroup;
			children = (
				621F6D3B1FD97006008C47CF /* MovieDiscoverer */,
				621F6D3A1FD97006008C47CF /* Products */,
			);
			sourceTree = "<group>";
		};
		621F6D3A1FD97006008C47CF /* Products */ = {
			isa = PBXGroup;
			children = (
				621F6D391FD97006008C47CF /* MovieDiscoverer.app */,
			);
			name = Products;
			sourceTree = "<group>";
		};
		621F6D3B1FD97006008C47CF /* MovieDiscoverer */ = {
			isa = PBXGroup;
			children = (
				621F6D3C1FD97006008C47CF /* AppDelegate.swift */,
				62193E921FDAD1C400C5CFCA /* GCD.swift */,
				621F6D511FD9707B008C47CF /* Model */,
				62193E981FDADA1000C5CFCA /* View */,
				621F6D4F1FD9704B008C47CF /* Controllers */,
				621F6D4E1FD97033008C47CF /* Assets */,
				621F6D501FD97055008C47CF /* Supporting Files */,
			);
			path = MovieDiscoverer;
			sourceTree = "<group>";
		};
		621F6D4E1FD97033008C47CF /* Assets */ = {
			isa = PBXGroup;
			children = (
				621F6D401FD97006008C47CF /* Main.storyboard */,
				621F6D431FD97006008C47CF /* Assets.xcassets */,
				621F6D451FD97006008C47CF /* LaunchScreen.storyboard */,
			);
			path = Assets;
			sourceTree = "<group>";
		};
		621F6D4F1FD9704B008C47CF /* Controllers */ = {
			isa = PBXGroup;
			children = (
				621F6D3E1FD97006008C47CF /* MovieSearchViewController.swift */,
				62E18BBF1FDD664400334631 /* MovieTableViewController.swift */,
				621740701FDCF4B500AD9060 /* MovieDetailsViewController.swift */,
			);
			path = Controllers;
			sourceTree = "<group>";
		};
		621F6D501FD97055008C47CF /* Supporting Files */ = {
			isa = PBXGroup;
			children = (
				621F6D481FD97006008C47CF /* Info.plist */,
			);
			path = "Supporting Files";
			sourceTree = "<group>";
		};
		621F6D511FD9707B008C47CF /* Model */ = {
			isa = PBXGroup;
			children = (
				62E18BAD1FDD5F8D00334631 /* CoreData */,
				62193E911FDAD16300C5CFCA /* Client */,
			);
			path = Model;
			sourceTree = "<group>";
		};
		62E18BAD1FDD5F8D00334631 /* CoreData */ = {
			isa = PBXGroup;
			children = (
				62E18BB01FDD60B200334631 /* Model.xcdatamodeld */,
				62E18BAE1FDD5FA400334631 /* CoreDataStack.swift */,
				62E18BB71FDD622100334631 /* Movie+CoreDataClass.swift */,
				62E18BB81FDD622100334631 /* Movie+CoreDataProperties.swift */,
			);
			path = CoreData;
			sourceTree = "<group>";
		};
/* End PBXGroup section */

/* Begin PBXNativeTarget section */
		621F6D381FD97006008C47CF /* MovieDiscoverer */ = {
			isa = PBXNativeTarget;
			buildConfigurationList = 621F6D4B1FD97006008C47CF /* Build configuration list for PBXNativeTarget "MovieDiscoverer" */;
			buildPhases = (
				621F6D351FD97006008C47CF /* Sources */,
				621F6D361FD97006008C47CF /* Frameworks */,
				621F6D371FD97006008C47CF /* Resources */,
			);
			buildRules = (
			);
			dependencies = (
			);
			name = MovieDiscoverer;
			productName = MovieDiscoverer;
			productReference = 621F6D391FD97006008C47CF /* MovieDiscoverer.app */;
			productType = "com.apple.product-type.application";
		};
/* End PBXNativeTarget section */

/* Begin PBXProject section */
		621F6D311FD97006008C47CF /* Project object */ = {
			isa = PBXProject;
			attributes = {
				LastSwiftUpdateCheck = 0910;
				LastUpgradeCheck = 0910;
				ORGANIZATIONNAME = "Jennifer Liu";
				TargetAttributes = {
					621F6D381FD97006008C47CF = {
						CreatedOnToolsVersion = 9.1;
						ProvisioningStyle = Automatic;
					};
				};
			};
			buildConfigurationList = 621F6D341FD97006008C47CF /* Build configuration list for PBXProject "MovieDiscoverer" */;
			compatibilityVersion = "Xcode 8.0";
			developmentRegion = en;
			hasScannedForEncodings = 0;
			knownRegions = (
				en,
				Base,
			);
			mainGroup = 621F6D301FD97006008C47CF;
			productRefGroup = 621F6D3A1FD97006008C47CF /* Products */;
			projectDirPath = "";
			projectRoot = "";
			targets = (
				621F6D381FD97006008C47CF /* MovieDiscoverer */,
			);
		};
/* End PBXProject section */

/* Begin PBXResourcesBuildPhase section */
		621F6D371FD97006008C47CF /* Resources */ = {
			isa = PBXResourcesBuildPhase;
			buildActionMask = 2147483647;
			files = (
				621F6D471FD97006008C47CF /* LaunchScreen.storyboard in Resources */,
				621F6D441FD97006008C47CF /* Assets.xcassets in Resources */,
				621F6D421FD97006008C47CF /* Main.storyboard in Resources */,
			);
			runOnlyForDeploymentPostprocessing = 0;
		};
/* End PBXResourcesBuildPhase section */

/* Begin PBXSourcesBuildPhase section */
		621F6D351FD97006008C47CF /* Sources */ = {
			isa = PBXSourcesBuildPhase;
			buildActionMask = 2147483647;
			files = (
				621740711FDCF4B500AD9060 /* MovieDetailsViewController.swift in Sources */,
				62193E931FDAD1C400C5CFCA /* GCD.swift in Sources */,
				6254912E1FDC2D62005E744F /* TMDBMovie.swift in Sources */,
				6215BEC91FDEBD12004D4611 /* UITextField.swift in Sources */,
				6217406F1FDCEF5700AD9060 /* AlertView.swift in Sources */,
				62193E9A1FDADA3C00C5CFCA /* RoundedButton.swift in Sources */,
				62E18BC01FDD664400334631 /* MovieTableViewController.swift in Sources */,
				62E18BB91FDD622100334631 /* Movie+CoreDataClass.swift in Sources */,
				62193E951FDAD22100C5CFCA /* TMDBClient.swift in Sources */,
				6215BECB1FDEBD3E004D4611 /* PickerView.swift in Sources */,
				62E18BAF1FDD5FA400334631 /* CoreDataStack.swift in Sources */,
				621F6D3F1FD97006008C47CF /* MovieSearchViewController.swift in Sources */,
				62193E971FDAD26600C5CFCA /* TMDBConstants.swift in Sources */,
				621F6D3D1FD97006008C47CF /* AppDelegate.swift in Sources */,
				6254912C1FDC28DF005E744F /* TMDBConvenience.swift in Sources */,
				62E18BBA1FDD622100334631 /* Movie+CoreDataProperties.swift in Sources */,
				62E18BB21FDD60B200334631 /* Model.xcdatamodeld in Sources */,
			);
			runOnlyForDeploymentPostprocessing = 0;
		};
/* End PBXSourcesBuildPhase section */

/* Begin PBXVariantGroup section */
		621F6D401FD97006008C47CF /* Main.storyboard */ = {
			isa = PBXVariantGroup;
			children = (
				621F6D411FD97006008C47CF /* Base */,
			);
			name = Main.storyboard;
			sourceTree = "<group>";
		};
		621F6D451FD97006008C47CF /* LaunchScreen.storyboard */ = {
			isa = PBXVariantGroup;
			children = (
				621F6D461FD97006008C47CF /* Base */,
			);
			name = LaunchScreen.storyboard;
			sourceTree = "<group>";
		};
/* End PBXVariantGroup section */

/* Begin XCBuildConfiguration section */
		621F6D491FD97006008C47CF /* Debug */ = {
			isa = XCBuildConfiguration;
			buildSettings = {
				ALWAYS_SEARCH_USER_PATHS = NO;
				CLANG_ANALYZER_NONNULL = YES;
				CLANG_ANALYZER_NUMBER_OBJECT_CONVERSION = YES_AGGRESSIVE;
				CLANG_CXX_LANGUAGE_STANDARD = "gnu++14";
				CLANG_CXX_LIBRARY = "libc++";
				CLANG_ENABLE_MODULES = YES;
				CLANG_ENABLE_OBJC_ARC = YES;
				CLANG_WARN_BLOCK_CAPTURE_AUTORELEASING = YES;
				CLANG_WARN_BOOL_CONVERSION = YES;
				CLANG_WARN_COMMA = YES;
				CLANG_WARN_CONSTANT_CONVERSION = YES;
				CLANG_WARN_DIRECT_OBJC_ISA_USAGE = YES_ERROR;
				CLANG_WARN_DOCUMENTATION_COMMENTS = YES;
				CLANG_WARN_EMPTY_BODY = YES;
				CLANG_WARN_ENUM_CONVERSION = YES;
				CLANG_WARN_INFINITE_RECURSION = YES;
				CLANG_WARN_INT_CONVERSION = YES;
				CLANG_WARN_NON_LITERAL_NULL_CONVERSION = YES;
				CLANG_WARN_OBJC_LITERAL_CONVERSION = YES;
				CLANG_WARN_OBJC_ROOT_CLASS = YES_ERROR;
				CLANG_WARN_RANGE_LOOP_ANALYSIS = YES;
				CLANG_WARN_STRICT_PROTOTYPES = YES;
				CLANG_WARN_SUSPICIOUS_MOVE = YES;
				CLANG_WARN_UNGUARDED_AVAILABILITY = YES_AGGRESSIVE;
				CLANG_WARN_UNREACHABLE_CODE = YES;
				CLANG_WARN__DUPLICATE_METHOD_MATCH = YES;
				CODE_SIGN_IDENTITY = "iPhone Developer";
				COPY_PHASE_STRIP = NO;
				DEBUG_INFORMATION_FORMAT = dwarf;
				ENABLE_STRICT_OBJC_MSGSEND = YES;
				ENABLE_TESTABILITY = YES;
				GCC_C_LANGUAGE_STANDARD = gnu11;
				GCC_DYNAMIC_NO_PIC = NO;
				GCC_NO_COMMON_BLOCKS = YES;
				GCC_OPTIMIZATION_LEVEL = 0;
				GCC_PREPROCESSOR_DEFINITIONS = (
					"DEBUG=1",
					"$(inherited)",
				);
				GCC_WARN_64_TO_32_BIT_CONVERSION = YES;
				GCC_WARN_ABOUT_RETURN_TYPE = YES_ERROR;
				GCC_WARN_UNDECLARED_SELECTOR = YES;
				GCC_WARN_UNINITIALIZED_AUTOS = YES_AGGRESSIVE;
				GCC_WARN_UNUSED_FUNCTION = YES;
				GCC_WARN_UNUSED_VARIABLE = YES;
				IPHONEOS_DEPLOYMENT_TARGET = 11.1;
				MTL_ENABLE_DEBUG_INFO = YES;
				ONLY_ACTIVE_ARCH = YES;
				SDKROOT = iphoneos;
				SWIFT_ACTIVE_COMPILATION_CONDITIONS = DEBUG;
				SWIFT_OPTIMIZATION_LEVEL = "-Onone";
			};
			name = Debug;
		};
		621F6D4A1FD97006008C47CF /* Release */ = {
			isa = XCBuildConfiguration;
			buildSettings = {
				ALWAYS_SEARCH_USER_PATHS = NO;
				CLANG_ANALYZER_NONNULL = YES;
				CLANG_ANALYZER_NUMBER_OBJECT_CONVERSION = YES_AGGRESSIVE;
				CLANG_CXX_LANGUAGE_STANDARD = "gnu++14";
				CLANG_CXX_LIBRARY = "libc++";
				CLANG_ENABLE_MODULES = YES;
				CLANG_ENABLE_OBJC_ARC = YES;
				CLANG_WARN_BLOCK_CAPTURE_AUTORELEASING = YES;
				CLANG_WARN_BOOL_CONVERSION = YES;
				CLANG_WARN_COMMA = YES;
				CLANG_WARN_CONSTANT_CONVERSION = YES;
				CLANG_WARN_DIRECT_OBJC_ISA_USAGE = YES_ERROR;
				CLANG_WARN_DOCUMENTATION_COMMENTS = YES;
				CLANG_WARN_EMPTY_BODY = YES;
				CLANG_WARN_ENUM_CONVERSION = YES;
				CLANG_WARN_INFINITE_RECURSION = YES;
				CLANG_WARN_INT_CONVERSION = YES;
				CLANG_WARN_NON_LITERAL_NULL_CONVERSION = YES;
				CLANG_WARN_OBJC_LITERAL_CONVERSION = YES;
				CLANG_WARN_OBJC_ROOT_CLASS = YES_ERROR;
				CLANG_WARN_RANGE_LOOP_ANALYSIS = YES;
				CLANG_WARN_STRICT_PROTOTYPES = YES;
				CLANG_WARN_SUSPICIOUS_MOVE = YES;
				CLANG_WARN_UNGUARDED_AVAILABILITY = YES_AGGRESSIVE;
				CLANG_WARN_UNREACHABLE_CODE = YES;
				CLANG_WARN__DUPLICATE_METHOD_MATCH = YES;
				CODE_SIGN_IDENTITY = "iPhone Developer";
				COPY_PHASE_STRIP = NO;
				DEBUG_INFORMATION_FORMAT = "dwarf-with-dsym";
				ENABLE_NS_ASSERTIONS = NO;
				ENABLE_STRICT_OBJC_MSGSEND = YES;
				GCC_C_LANGUAGE_STANDARD = gnu11;
				GCC_NO_COMMON_BLOCKS = YES;
				GCC_WARN_64_TO_32_BIT_CONVERSION = YES;
				GCC_WARN_ABOUT_RETURN_TYPE = YES_ERROR;
				GCC_WARN_UNDECLARED_SELECTOR = YES;
				GCC_WARN_UNINITIALIZED_AUTOS = YES_AGGRESSIVE;
				GCC_WARN_UNUSED_FUNCTION = YES;
				GCC_WARN_UNUSED_VARIABLE = YES;
				IPHONEOS_DEPLOYMENT_TARGET = 11.1;
				MTL_ENABLE_DEBUG_INFO = NO;
				SDKROOT = iphoneos;
				SWIFT_OPTIMIZATION_LEVEL = "-Owholemodule";
				VALIDATE_PRODUCT = YES;
			};
			name = Release;
		};
		621F6D4C1FD97006008C47CF /* Debug */ = {
			isa = XCBuildConfiguration;
			buildSettings = {
				ASSETCATALOG_COMPILER_APPICON_NAME = AppIcon;
				CODE_SIGN_STYLE = Automatic;
				DEVELOPMENT_TEAM = 3EV99W99UA;
				INFOPLIST_FILE = "$(SRCROOT)/MovieDiscoverer/Supporting Files/Info.plist";
				LD_RUNPATH_SEARCH_PATHS = "$(inherited) @executable_path/Frameworks";
				PRODUCT_BUNDLE_IDENTIFIER = com.jenniferliu.MovieDiscoverer;
				PRODUCT_NAME = "$(TARGET_NAME)";
				SWIFT_VERSION = 4.0;
				TARGETED_DEVICE_FAMILY = "1,2";
			};
			name = Debug;
		};
		621F6D4D1FD97006008C47CF /* Release */ = {
			isa = XCBuildConfiguration;
			buildSettings = {
				ASSETCATALOG_COMPILER_APPICON_NAME = AppIcon;
				CODE_SIGN_STYLE = Automatic;
				DEVELOPMENT_TEAM = 3EV99W99UA;
				INFOPLIST_FILE = "$(SRCROOT)/MovieDiscoverer/Supporting Files/Info.plist";
				LD_RUNPATH_SEARCH_PATHS = "$(inherited) @executable_path/Frameworks";
				PRODUCT_BUNDLE_IDENTIFIER = com.jenniferliu.MovieDiscoverer;
				PRODUCT_NAME = "$(TARGET_NAME)";
				SWIFT_VERSION = 4.0;
				TARGETED_DEVICE_FAMILY = "1,2";
			};
			name = Release;
		};
/* End XCBuildConfiguration section */

/* Begin XCConfigurationList section */
		621F6D341FD97006008C47CF /* Build configuration list for PBXProject "MovieDiscoverer" */ = {
			isa = XCConfigurationList;
			buildConfigurations = (
				621F6D491FD97006008C47CF /* Debug */,
				621F6D4A1FD97006008C47CF /* Release */,
			);
			defaultConfigurationIsVisible = 0;
			defaultConfigurationName = Release;
		};
		621F6D4B1FD97006008C47CF /* Build configuration list for PBXNativeTarget "MovieDiscoverer" */ = {
			isa = XCConfigurationList;
			buildConfigurations = (
				621F6D4C1FD97006008C47CF /* Debug */,
				621F6D4D1FD97006008C47CF /* Release */,
			);
			defaultConfigurationIsVisible = 0;
			defaultConfigurationName = Release;
		};
/* End XCConfigurationList section */

/* Begin XCVersionGroup section */
		62E18BB01FDD60B200334631 /* Model.xcdatamodeld */ = {
			isa = XCVersionGroup;
			children = (
				62E18BB11FDD60B200334631 /* Model.xcdatamodel */,
			);
			currentVersion = 62E18BB11FDD60B200334631 /* Model.xcdatamodel */;
			path = Model.xcdatamodeld;
			sourceTree = "<group>";
			versionGroupType = wrapper.xcdatamodel;
		};
/* End XCVersionGroup section */
	};
	rootObject = 621F6D311FD97006008C47CF /* Project object */;
}
